
Microsoft Visual Studio Solution File, Format Version 12.00
# Visual Studio Version 16
VisualStudioVersion = 16.0.31410.357
MinimumVisualStudioVersion = 10.0.40219.1
Project("{FAE04EC0-301F-11D3-BF4B-00C04F79EFBC}") = "ShorUrl", "ShorUrl\ShorUrl.csproj", "{CF42F6A3-BE2A-409B-952B-ECA1C301419D}"
EndProject
Global
	GlobalSection(SolutionConfigurationPlatforms) = preSolution
		Debug|Any CPU = Debug|Any CPU
		Release|Any CPU = Release|Any CPU
	EndGlobalSection
	GlobalSection(ProjectConfigurationPlatforms) = postSolution
		{CF42F6A3-BE2A-409B-952B-ECA1C301419D}.Debug|Any CPU.ActiveCfg = Debug|Any CPU
		{CF42F6A3-BE2A-409B-952B-ECA1C301419D}.Debug|Any CPU.Build.0 = Debug|Any CPU
		{CF42F6A3-BE2A-409B-952B-ECA1C301419D}.Release|Any CPU.ActiveCfg = Release|Any CPU
		{CF42F6A3-BE2A-409B-952B-ECA1C301419D}.Release|Any CPU.Build.0 = Release|Any CPU
	EndGlobalSection
	GlobalSection(SolutionProperties) = preSolution
		HideSolutionNode = FALSE
	EndGlobalSection
	GlobalSection(ExtensibilityGlobals) = postSolution
		SolutionGuid = {2B4D23C7-5076-4996-AE77-56B32D6DC78F}
	EndGlobalSection
EndGlobal
